// !$*UTF8*$!
{
	archiveVersion = 1;
	classes = {
	};
	objectVersion = 50;
	objects = {

/* Begin PBXBuildFile section */
		AA8BF3C3249E055D009B4E54 /* AppDelegate.swift in Sources */ = {isa = PBXBuildFile; fileRef = AA8BF3C2249E055D009B4E54 /* AppDelegate.swift */; };
		AA8BF3C5249E055D009B4E54 /* SceneDelegate.swift in Sources */ = {isa = PBXBuildFile; fileRef = AA8BF3C4249E055D009B4E54 /* SceneDelegate.swift */; };
		AA8BF3C7249E055D009B4E54 /* ViewController.swift in Sources */ = {isa = PBXBuildFile; fileRef = AA8BF3C6249E055D009B4E54 /* ViewController.swift */; };
		AA8BF3CA249E055D009B4E54 /* Main.storyboard in Resources */ = {isa = PBXBuildFile; fileRef = AA8BF3C8249E055D009B4E54 /* Main.storyboard */; };
		AA8BF3CD249E055D009B4E54 /* DemoProject.xcdatamodeld in Sources */ = {isa = PBXBuildFile; fileRef = AA8BF3CB249E055D009B4E54 /* DemoProject.xcdatamodeld */; };
		AA8BF3CF249E055E009B4E54 /* Assets.xcassets in Resources */ = {isa = PBXBuildFile; fileRef = AA8BF3CE249E055E009B4E54 /* Assets.xcassets */; };
		AA8BF3D2249E055E009B4E54 /* LaunchScreen.storyboard in Resources */ = {isa = PBXBuildFile; fileRef = AA8BF3D0249E055E009B4E54 /* LaunchScreen.storyboard */; };
/* End PBXBuildFile section */

/* Begin PBXFileReference section */
		AA8BF3BF249E055D009B4E54 /* DemoProject.app */ = {isa = PBXFileReference; explicitFileType = wrapper.application; includeInIndex = 0; path = DemoProject.app; sourceTree = BUILT_PRODUCTS_DIR; };
		AA8BF3C2249E055D009B4E54 /* AppDelegate.swift */ = {isa = PBXFileReference; lastKnownFileType = sourcecode.swift; path = AppDelegate.swift; sourceTree = "<group>"; };
		AA8BF3C4249E055D009B4E54 /* SceneDelegate.swift */ = {isa = PBXFileReference; lastKnownFileType = sourcecode.swift; path = SceneDelegate.swift; sourceTree = "<group>"; };
		AA8BF3C6249E055D009B4E54 /* ViewController.swift */ = {isa = PBXFileReference; lastKnownFileType = sourcecode.swift; path = ViewController.swift; sourceTree = "<group>"; };
		AA8BF3C9249E055D009B4E54 /* Base */ = {isa = PBXFileReference; lastKnownFileType = file.storyboard; name = Base; path = Base.lproj/Main.storyboard; sourceTree = "<group>"; };
		AA8BF3CC249E055D009B4E54 /* DemoProject.xcdatamodel */ = {isa = PBXFileReference; lastKnownFileType = wrapper.xcdatamodel; path = DemoProject.xcdatamodel; sourceTree = "<group>"; };
		AA8BF3CE249E055E009B4E54 /* Assets.xcassets */ = {isa = PBXFileReference; lastKnownFileType = folder.assetcatalog; path = Assets.xcassets; sourceTree = "<group>"; };
		AA8BF3D1249E055E009B4E54 /* Base */ = {isa = PBXFileReference; lastKnownFileType = file.storyboard; name = Base; path = Base.lproj/LaunchScreen.storyboard; sourceTree = "<group>"; };
		AA8BF3D3249E055E009B4E54 /* Info.plist */ = {isa = PBXFileReference; lastKnownFileType = text.plist.xml; path = Info.plist; sourceTree = "<group>"; };
/* End PBXFileReference section */

/* Begin PBXFrameworksBuildPhase section */
		AA8BF3BC249E055D009B4E54 /* Frameworks */ = {
			isa = PBXFrameworksBuildPhase;
			buildActionMask = 2147483647;
			files = (
			);
			runOnlyForDeploymentPostprocessing = 0;
		};
/* End PBXFrameworksBuildPhase section */

/* Begin PBXGroup section */
		AA8BF3B6249E055D009B4E54 = {
			isa = PBXGroup;
			children = (
				AA8BF3C1249E055D009B4E54 /* DemoProject */,
				AA8BF3C0249E055D009B4E54 /* Products */,
			);
			sourceTree = "<group>";
		};
		AA8BF3C0249E055D009B4E54 /* Products */ = {
			isa = PBXGroup;
			children = (
				AA8BF3BF249E055D009B4E54 /* DemoProject.app */,
			);
			name = Products;
			sourceTree = "<group>";
		};
		AA8BF3C1249E055D009B4E54 /* DemoProject */ = {
			isa = PBXGroup;
			children = (
				AA8BF3C2249E055D009B4E54 /* AppDelegate.swift */,
				AA8BF3C4249E055D009B4E54 /* SceneDelegate.swift */,
				AA8BF3C6249E055D009B4E54 /* ViewController.swift */,
				AA8BF3C8249E055D009B4E54 /* Main.storyboard */,
				AA8BF3CE249E055E009B4E54 /* Assets.xcassets */,
				AA8BF3D0249E055E009B4E54 /* LaunchScreen.storyboard */,
				AA8BF3D3249E055E009B4E54 /* Info.plist */,
				AA8BF3CB249E055D009B4E54 /* DemoProject.xcdatamodeld */,
			);
			path = DemoProject;
			sourceTree = "<group>";
		};
/* End PBXGroup section */

/* Begin PBXNativeTarget section */
		AA8BF3BE249E055D009B4E54 /* DemoProject */ = {
			isa = PBXNativeTarget;
			buildConfigurationList = AA8BF3D6249E055E009B4E54 /* Build configuration list for PBXNativeTarget "DemoProject" */;
			buildPhases = (
				AA8BF3BB249E055D009B4E54 /* Sources */,
				AA8BF3BC249E055D009B4E54 /* Frameworks */,
				AA8BF3BD249E055D009B4E54 /* Resources */,
			);
			buildRules = (
			);
			dependencies = (
			);
			name = DemoProject;
			productName = DemoProject;
			productReference = AA8BF3BF249E055D009B4E54 /* DemoProject.app */;
			productType = "com.apple.product-type.application";
		};
/* End PBXNativeTarget section */

/* Begin PBXProject section */
		AA8BF3B7249E055D009B4E54 /* Project object */ = {
			isa = PBXProject;
			attributes = {
				LastSwiftUpdateCheck = 1150;
				LastUpgradeCheck = 1150;
				ORGANIZATIONNAME = Santosh;
				TargetAttributes = {
					AA8BF3BE249E055D009B4E54 = {
						CreatedOnToolsVersion = 11.5;
					};
				};
			};
			buildConfigurationList = AA8BF3BA249E055D009B4E54 /* Build configuration list for PBXProject "DemoProject" */;
			compatibilityVersion = "Xcode 9.3";
			developmentRegion = en;
			hasScannedForEncodings = 0;
			knownRegions = (
				en,
				Base,
			);
			mainGroup = AA8BF3B6249E055D009B4E54;
			productRefGroup = AA8BF3C0249E055D009B4E54 /* Products */;
			projectDirPath = "";
			projectRoot = "";
			targets = (
				AA8BF3BE249E055D009B4E54 /* DemoProject */,
			);
		};
/* End PBXProject section */

/* Begin PBXResourcesBuildPhase section */
		AA8BF3BD249E055D009B4E54 /* Resources */ = {
			isa = PBXResourcesBuildPhase;
			buildActionMask = 2147483647;
			files = (
				AA8BF3D2249E055E009B4E54 /* LaunchScreen.storyboard in Resources */,
				AA8BF3CF249E055E009B4E54 /* Assets.xcassets in Resources */,
				AA8BF3CA249E055D009B4E54 /* Main.storyboard in Resources */,
			);
			runOnlyForDeploymentPostprocessing = 0;
		};
/* End PBXResourcesBuildPhase section */

/* Begin PBXSourcesBuildPhase section */
		AA8BF3BB249E055D009B4E54 /* Sources */ = {
			isa = PBXSourcesBuildPhase;
			buildActionMask = 2147483647;
			files = (
				AA8BF3CD249E055D009B4E54 /* DemoProject.xcdatamodeld in Sources */,
				AA8BF3C7249E055D009B4E54 /* ViewController.swift in Sources */,
				AA8BF3C3249E055D009B4E54 /* AppDelegate.swift in Sources */,
				AA8BF3C5249E055D009B4E54 /* SceneDelegate.swift in Sources */,
			);
			runOnlyForDeploymentPostprocessing = 0;
		};
/* End PBXSourcesBuildPhase section */

/* Begin PBXVariantGroup section */
		AA8BF3C8249E055D009B4E54 /* Main.storyboard */ = {
			isa = PBXVariantGroup;
			children = (
				AA8BF3C9249E055D009B4E54 /* Base */,
			);
			name = Main.storyboard;
			sourceTree = "<group>";
		};
		AA8BF3D0249E055E009B4E54 /* LaunchScreen.storyboard */ = {
			isa = PBXVariantGroup;
			children = (
				AA8BF3D1249E055E009B4E54 /* Base */,
			);
			name = LaunchScreen.storyboard;
			sourceTree = "<group>";
		};
/* End PBXVariantGroup section */

/* Begin XCBuildConfiguration section */
		AA8BF3D4249E055E009B4E54 /* Debug */ = {
			isa = XCBuildConfiguration;
			buildSettings = {
				ALWAYS_SEARCH_USER_PATHS = NO;
				CLANG_ANALYZER_NONNULL = YES;
				CLANG_ANALYZER_NUMBER_OBJECT_CONVERSION = YES_AGGRESSIVE;
				CLANG_CXX_LANGUAGE_STANDARD = "gnu++14";
				CLANG_CXX_LIBRARY = "libc++";
				CLANG_ENABLE_MODULES = YES;
				CLANG_ENABLE_OBJC_ARC = YES;
				CLANG_ENABLE_OBJC_WEAK = YES;
				CLANG_WARN_BLOCK_CAPTURE_AUTORELEASING = YES;
				CLANG_WARN_BOOL_CONVERSION = YES;
				CLANG_WARN_COMMA = YES;
				CLANG_WARN_CONSTANT_CONVERSION = YES;
				CLANG_WARN_DEPRECATED_OBJC_IMPLEMENTATIONS = YES;
				CLANG_WARN_DIRECT_OBJC_ISA_USAGE = YES_ERROR;
				CLANG_WARN_DOCUMENTATION_COMMENTS = YES;
				CLANG_WARN_EMPTY_BODY = YES;
				CLANG_WARN_ENUM_CONVERSION = YES;
				CLANG_WARN_INFINITE_RECURSION = YES;
				CLANG_WARN_INT_CONVERSION = YES;
				CLANG_WARN_NON_LITERAL_NULL_CONVERSION = YES;
				CLANG_WARN_OBJC_IMPLICIT_RETAIN_SELF = YES;
				CLANG_WARN_OBJC_LITERAL_CONVERSION = YES;
				CLANG_WARN_OBJC_ROOT_CLASS = YES_ERROR;
				CLANG_WARN_RANGE_LOOP_ANALYSIS = YES;
				CLANG_WARN_STRICT_PROTOTYPES = YES;
				CLANG_WARN_SUSPICIOUS_MOVE = YES;
				CLANG_WARN_UNGUARDED_AVAILABILITY = YES_AGGRESSIVE;
				CLANG_WARN_UNREACHABLE_CODE = YES;
				CLANG_WARN__DUPLICATE_METHOD_MATCH = YES;
				COPY_PHASE_STRIP = NO;
				DEBUG_INFORMATION_FORMAT = dwarf;
				ENABLE_STRICT_OBJC_MSGSEND = YES;
				ENABLE_TESTABILITY = YES;
				GCC_C_LANGUAGE_STANDARD = gnu11;
				GCC_DYNAMIC_NO_PIC = NO;
				GCC_NO_COMMON_BLOCKS = YES;
				GCC_OPTIMIZATION_LEVEL = 0;
				GCC_PREPROCESSOR_DEFINITIONS = (
					"DEBUG=1",
					"$(inherited)",
				);
				GCC_WARN_64_TO_32_BIT_CONVERSION = YES;
				GCC_WARN_ABOUT_RETURN_TYPE = YES_ERROR;
				GCC_WARN_UNDECLARED_SELECTOR = YES;
				GCC_WARN_UNINITIALIZED_AUTOS = YES_AGGRESSIVE;
				GCC_WARN_UNUSED_FUNCTION = YES;
				GCC_WARN_UNUSED_VARIABLE = YES;
				IPHONEOS_DEPLOYMENT_TARGET = 13.5;
				MTL_ENABLE_DEBUG_INFO = INCLUDE_SOURCE;
				MTL_FAST_MATH = YES;
				ONLY_ACTIVE_ARCH = YES;
				SDKROOT = iphoneos;
				SWIFT_ACTIVE_COMPILATION_CONDITIONS = DEBUG;
				SWIFT_OPTIMIZATION_LEVEL = "-Onone";
			};
			name = Debug;
		};
		AA8BF3D5249E055E009B4E54 /* Release */ = {
			isa = XCBuildConfiguration;
			buildSettings = {
				ALWAYS_SEARCH_USER_PATHS = NO;
				CLANG_ANALYZER_NONNULL = YES;
				CLANG_ANALYZER_NUMBER_OBJECT_CONVERSION = YES_AGGRESSIVE;
				CLANG_CXX_LANGUAGE_STANDARD = "gnu++14";
				CLANG_CXX_LIBRARY = "libc++";
				CLANG_ENABLE_MODULES = YES;
				CLANG_ENABLE_OBJC_ARC = YES;
				CLANG_ENABLE_OBJC_WEAK = YES;
				CLANG_WARN_BLOCK_CAPTURE_AUTORELEASING = YES;
				CLANG_WARN_BOOL_CONVERSION = YES;
				CLANG_WARN_COMMA = YES;
				CLANG_WARN_CONSTANT_CONVERSION = YES;
				CLANG_WARN_DEPRECATED_OBJC_IMPLEMENTATIONS = YES;
				CLANG_WARN_DIRECT_OBJC_ISA_USAGE = YES_ERROR;
				CLANG_WARN_DOCUMENTATION_COMMENTS = YES;
				CLANG_WARN_EMPTY_BODY = YES;
				CLANG_WARN_ENUM_CONVERSION = YES;
				CLANG_WARN_INFINITE_RECURSION = YES;
				CLANG_WARN_INT_CONVERSION = YES;
				CLANG_WARN_NON_LITERAL_NULL_CONVERSION = YES;
				CLANG_WARN_OBJC_IMPLICIT_RETAIN_SELF = YES;
				CLANG_WARN_OBJC_LITERAL_CONVERSION = YES;
				CLANG_WARN_OBJC_ROOT_CLASS = YES_ERROR;
				CLANG_WARN_RANGE_LOOP_ANALYSIS = YES;
				CLANG_WARN_STRICT_PROTOTYPES = YES;
				CLANG_WARN_SUSPICIOUS_MOVE = YES;
				CLANG_WARN_UNGUARDED_AVAILABILITY = YES_AGGRESSIVE;
				CLANG_WARN_UNREACHABLE_CODE = YES;
				CLANG_WARN__DUPLICATE_METHOD_MATCH = YES;
				COPY_PHASE_STRIP = NO;
				DEBUG_INFORMATION_FORMAT = "dwarf-with-dsym";
				ENABLE_NS_ASSERTIONS = NO;
				ENABLE_STRICT_OBJC_MSGSEND = YES;
				GCC_C_LANGUAGE_STANDARD = gnu11;
				GCC_NO_COMMON_BLOCKS = YES;
				GCC_WARN_64_TO_32_BIT_CONVERSION = YES;
				GCC_WARN_ABOUT_RETURN_TYPE = YES_ERROR;
				GCC_WARN_UNDECLARED_SELECTOR = YES;
				GCC_WARN_UNINITIALIZED_AUTOS = YES_AGGRESSIVE;
				GCC_WARN_UNUSED_FUNCTION = YES;
				GCC_WARN_UNUSED_VARIABLE = YES;
				IPHONEOS_DEPLOYMENT_TARGET = 13.5;
				MTL_ENABLE_DEBUG_INFO = NO;
				MTL_FAST_MATH = YES;
				SDKROOT = iphoneos;
				SWIFT_COMPILATION_MODE = wholemodule;
				SWIFT_OPTIMIZATION_LEVEL = "-O";
				VALIDATE_PRODUCT = YES;
			};
			name = Release;
		};
		AA8BF3D7249E055E009B4E54 /* Debug */ = {
			isa = XCBuildConfiguration;
			buildSettings = {
				ASSETCATALOG_COMPILER_APPICON_NAME = AppIcon;
				CODE_SIGN_STYLE = Automatic;
				INFOPLIST_FILE = DemoProject/Info.plist;
				LD_RUNPATH_SEARCH_PATHS = (
					"$(inherited)",
					"@executable_path/Frameworks",
				);
				PRODUCT_BUNDLE_IDENTIFIER = in.co.indusnet.DemoProject;
				PRODUCT_NAME = "$(TARGET_NAME)";
				SWIFT_VERSION = 5.0;
				TARGETED_DEVICE_FAMILY = "1,2";
			};
			name = Debug;
		};
		AA8BF3D8249E055E009B4E54 /* Release */ = {
			isa = XCBuildConfiguration;
			buildSettings = {
				ASSETCATALOG_COMPILER_APPICON_NAME = AppIcon;
				CODE_SIGN_STYLE = Automatic;
				INFOPLIST_FILE = DemoProject/Info.plist;
				LD_RUNPATH_SEARCH_PATHS = (
					"$(inherited)",
					"@executable_path/Frameworks",
				);
				PRODUCT_BUNDLE_IDENTIFIER = in.co.indusnet.DemoProject;
				PRODUCT_NAME = "$(TARGET_NAME)";
				SWIFT_VERSION = 5.0;
				TARGETED_DEVICE_FAMILY = "1,2";
			};
			name = Release;
		};
/* End XCBuildConfiguration section */

/* Begin XCConfigurationList section */
		AA8BF3BA249E055D009B4E54 /* Build configuration list for PBXProject "DemoProject" */ = {
			isa = XCConfigurationList;
			buildConfigurations = (
				AA8BF3D4249E055E009B4E54 /* Debug */,
				AA8BF3D5249E055E009B4E54 /* Release */,
			);
			defaultConfigurationIsVisible = 0;
			defaultConfigurationName = Release;
		};
		AA8BF3D6249E055E009B4E54 /* Build configuration list for PBXNativeTarget "DemoProject" */ = {
			isa = XCConfigurationList;
			buildConfigurations = (
				AA8BF3D7249E055E009B4E54 /* Debug */,
				AA8BF3D8249E055E009B4E54 /* Release */,
			);
			defaultConfigurationIsVisible = 0;
			defaultConfigurationName = Release;
		};
/* End XCConfigurationList section */

/* Begin XCVersionGroup section */
		AA8BF3CB249E055D009B4E54 /* DemoProject.xcdatamodeld */ = {
			isa = XCVersionGroup;
			children = (
				AA8BF3CC249E055D009B4E54 /* DemoProject.xcdatamodel */,
			);
			currentVersion = AA8BF3CC249E055D009B4E54 /* DemoProject.xcdatamodel */;
			path = DemoProject.xcdatamodeld;
			sourceTree = "<group>";
			versionGroupType = wrapper.xcdatamodel;
		};
/* End XCVersionGroup section */
	};
	rootObject = AA8BF3B7249E055D009B4E54 /* Project object */;
}
